
Microsoft Visual Studio Solution File, Format Version 11.00
# Visual Studio 2010
Project("{FAE04EC0-301F-11D3-BF4B-00C04F79EFBC}") = "Assembly-CSharp", "Assembly-CSharp.csproj", "{A2ECF4E1-EEB5-D0BC-941E-C16E4839B099}"
EndProject
Project("{FAE04EC0-301F-11D3-BF4B-00C04F79EFBC}") = "Oculus.VR", "Oculus.VR.csproj", "{EB179507-794D-0466-829C-0434DED18D49}"
EndProject
Project("{FAE04EC0-301F-11D3-BF4B-00C04F79EFBC}") = "Oculus.VR.Editor", "Oculus.VR.Editor.csproj", "{F55A4910-29E2-480E-9F9C-3DA5894E13BC}"
EndProject
Project("{FAE04EC0-301F-11D3-BF4B-00C04F79EFBC}") = "Assembly-CSharp-Editor", "Assembly-CSharp-Editor.csproj", "{FBBE35A2-5421-6F5C-6E75-D49B57647601}"
EndProject
Project("{FAE04EC0-301F-11D3-BF4B-00C04F79EFBC}") = "Oculus.VR.Scripts.Editor", "Oculus.VR.Scripts.Editor.csproj", "{74A45BC9-0262-E9FD-0791-A85C3D01F10B}"
EndProject
Global
	GlobalSection(SolutionConfigurationPlatforms) = preSolution
		Debug|Any CPU = Debug|Any CPU
		Release|Any CPU = Release|Any CPU
	EndGlobalSection
	GlobalSection(ProjectConfigurationPlatforms) = postSolution
		{A2ECF4E1-EEB5-D0BC-941E-C16E4839B099}.Debug|Any CPU.ActiveCfg = Debug|Any CPU
		{A2ECF4E1-EEB5-D0BC-941E-C16E4839B099}.Debug|Any CPU.Build.0 = Debug|Any CPU
		{A2ECF4E1-EEB5-D0BC-941E-C16E4839B099}.Release|Any CPU.ActiveCfg = Release|Any CPU
		{A2ECF4E1-EEB5-D0BC-941E-C16E4839B099}.Release|Any CPU.Build.0 = Release|Any CPU
		{EB179507-794D-0466-829C-0434DED18D49}.Debug|Any CPU.ActiveCfg = Debug|Any CPU
		{EB179507-794D-0466-829C-0434DED18D49}.Debug|Any CPU.Build.0 = Debug|Any CPU
		{EB179507-794D-0466-829C-0434DED18D49}.Release|Any CPU.ActiveCfg = Release|Any CPU
		{EB179507-794D-0466-829C-0434DED18D49}.Release|Any CPU.Build.0 = Release|Any CPU
		{F55A4910-29E2-480E-9F9C-3DA5894E13BC}.Debug|Any CPU.ActiveCfg = Debug|Any CPU
		{F55A4910-29E2-480E-9F9C-3DA5894E13BC}.Debug|Any CPU.Build.0 = Debug|Any CPU
		{F55A4910-29E2-480E-9F9C-3DA5894E13BC}.Release|Any CPU.ActiveCfg = Release|Any CPU
		{F55A4910-29E2-480E-9F9C-3DA5894E13BC}.Release|Any CPU.Build.0 = Release|Any CPU
		{FBBE35A2-5421-6F5C-6E75-D49B57647601}.Debug|Any CPU.ActiveCfg = Debug|Any CPU
		{FBBE35A2-5421-6F5C-6E75-D49B57647601}.Debug|Any CPU.Build.0 = Debug|Any CPU
		{FBBE35A2-5421-6F5C-6E75-D49B57647601}.Release|Any CPU.ActiveCfg = Release|Any CPU
		{FBBE35A2-5421-6F5C-6E75-D49B57647601}.Release|Any CPU.Build.0 = Release|Any CPU
		{74A45BC9-0262-E9FD-0791-A85C3D01F10B}.Debug|Any CPU.ActiveCfg = Debug|Any CPU
		{74A45BC9-0262-E9FD-0791-A85C3D01F10B}.Debug|Any CPU.Build.0 = Debug|Any CPU
		{74A45BC9-0262-E9FD-0791-A85C3D01F10B}.Release|Any CPU.ActiveCfg = Release|Any CPU
		{74A45BC9-0262-E9FD-0791-A85C3D01F10B}.Release|Any CPU.Build.0 = Release|Any CPU
	EndGlobalSection
	GlobalSection(SolutionProperties) = preSolution
		HideSolutionNode = FALSE
	EndGlobalSection
EndGlobal
